
Microsoft Visual Studio Solution File, Format Version 12.00
# Visual Studio 15
VisualStudioVersion = 15.0.28307.539
MinimumVisualStudioVersion = 10.0.40219.1
Project("{FAE04EC0-301F-11D3-BF4B-00C04F79EFBC}") = "MonteCarloMethod", "MonteCarloMethod\MonteCarloMethod.csproj", "{6DA0DBF9-D743-4978-A5BC-61F7C66F3197}"
EndProject
Global
	GlobalSection(SolutionConfigurationPlatforms) = preSolution
		Debug|Any CPU = Debug|Any CPU
		Release|Any CPU = Release|Any CPU
	EndGlobalSection
	GlobalSection(ProjectConfigurationPlatforms) = postSolution
		{6DA0DBF9-D743-4978-A5BC-61F7C66F3197}.Debug|Any CPU.ActiveCfg = Debug|Any CPU
		{6DA0DBF9-D743-4978-A5BC-61F7C66F3197}.Debug|Any CPU.Build.0 = Debug|Any CPU
		{6DA0DBF9-D743-4978-A5BC-61F7C66F3197}.Release|Any CPU.ActiveCfg = Release|Any CPU
		{6DA0DBF9-D743-4978-A5BC-61F7C66F3197}.Release|Any CPU.Build.0 = Release|Any CPU
	EndGlobalSection
	GlobalSection(SolutionProperties) = preSolution
		HideSolutionNode = FALSE
	EndGlobalSection
	GlobalSection(ExtensibilityGlobals) = postSolution
		SolutionGuid = {18A59750-073C-4949-8B16-0B6DEEBB64C9}
	EndGlobalSection
EndGlobal
